
Microsoft Visual Studio Solution File, Format Version 12.00
# Visual Studio Version 16
VisualStudioVersion = 16.0.29519.87
MinimumVisualStudioVersion = 10.0.40219.1
Project("{FAE04EC0-301F-11D3-BF4B-00C04F79EFBC}") = "+Tetrs+", "+Tetrs+\+Tetrs+.csproj", "{0AF7EF5A-05BF-4DF8-9D25-AE64025D15A5}"
EndProject
Global
	GlobalSection(SolutionConfigurationPlatforms) = preSolution
		Debug|Any CPU = Debug|Any CPU
		Release|Any CPU = Release|Any CPU
	EndGlobalSection
	GlobalSection(ProjectConfigurationPlatforms) = postSolution
		{0AF7EF5A-05BF-4DF8-9D25-AE64025D15A5}.Debug|Any CPU.ActiveCfg = Debug|Any CPU
		{0AF7EF5A-05BF-4DF8-9D25-AE64025D15A5}.Debug|Any CPU.Build.0 = Debug|Any CPU
		{0AF7EF5A-05BF-4DF8-9D25-AE64025D15A5}.Release|Any CPU.ActiveCfg = Release|Any CPU
		{0AF7EF5A-05BF-4DF8-9D25-AE64025D15A5}.Release|Any CPU.Build.0 = Release|Any CPU
	EndGlobalSection
	GlobalSection(SolutionProperties) = preSolution
		HideSolutionNode = FALSE
	EndGlobalSection
	GlobalSection(ExtensibilityGlobals) = postSolution
		SolutionGuid = {CA514B68-47C2-4EBC-A730-ACED9DD156BF}
	EndGlobalSection
EndGlobal
